{
  "version": 4,
  "terraform_version": "1.6.6",
  "serial": 21,
  "lineage": "9923f00d-bad3-0d68-5719-eae52f4c130a",
  "outputs": {
    "myPrivateSubnetIds": {
      "value": [
        "my-private-subnet-1 = subnet-0884f1da0aea43b01",
        "my-private-subnet-2 = subnet-0107e111b74d53a57",
        "my-private-subnet-3 = subnet-0953318d63bd90c93"
      ],
      "type": [
        "tuple",
        [
          "string",
          "string",
          "string"
        ]
      ]
    },
    "myPublicSubnetIds": {
      "value": [
        "my-public-subnet-1 = subnet-07a0ceaa32f7170dd",
        "my-public-subnet-2 = subnet-0f813c8f1c1b11571"
      ],
      "type": [
        "tuple",
        [
          "string",
          "string"
        ]
      ]
    },
    "myVPCId": {
      "value": "vpc-0d60bd7823fb368b1",
      "type": "string"
    }
  },
  "resources": [
    {
      "module": "module.myPrivateSubnet[0]",
      "mode": "managed",
      "type": "aws_subnet",
      "name": "mySubnet",
      "provider": "provider[\"registry.terraform.io/hashicorp/aws\"]",
      "instances": [
        {
          "schema_version": 1,
          "attributes": {
            "arn": "arn:aws:ec2:ap-south-1:292152202882:subnet/subnet-0884f1da0aea43b01",
            "assign_ipv6_address_on_creation": false,
            "availability_zone": "ap-south-1a",
            "availability_zone_id": "aps1-az1",
            "cidr_block": "192.168.2.0/24",
            "customer_owned_ipv4_pool": "",
            "enable_dns64": false,
            "enable_lni_at_device_index": 0,
            "enable_resource_name_dns_a_record_on_launch": false,
            "enable_resource_name_dns_aaaa_record_on_launch": false,
            "id": "subnet-0884f1da0aea43b01",
            "ipv6_cidr_block": "",
            "ipv6_cidr_block_association_id": "",
            "ipv6_native": false,
            "map_customer_owned_ip_on_launch": false,
            "map_public_ip_on_launch": false,
            "outpost_arn": "",
            "owner_id": "292152202882",
            "private_dns_hostname_type_on_launch": "ip-name",
            "tags": {
              "Name": "my-private-subnet-1"
            },
            "tags_all": {
              "Name": "my-private-subnet-1"
            },
            "timeouts": null,
            "vpc_id": "vpc-0d60bd7823fb368b1"
          },
          "sensitive_attributes": [],
          "private": "eyJlMmJmYjczMC1lY2FhLTExZTYtOGY4OC0zNDM2M2JjN2M0YzAiOnsiY3JlYXRlIjo2MDAwMDAwMDAwMDAsImRlbGV0ZSI6MTIwMDAwMDAwMDAwMH0sInNjaGVtYV92ZXJzaW9uIjoiMSJ9",
          "dependencies": [
            "module.myVPC.aws_vpc.myVpc"
          ]
        }
      ]
    },
    {
      "module": "module.myPrivateSubnet[1]",
      "mode": "managed",
      "type": "aws_subnet",
      "name": "mySubnet",
      "provider": "provider[\"registry.terraform.io/hashicorp/aws\"]",
      "instances": [
        {
          "schema_version": 1,
          "attributes": {
            "arn": "arn:aws:ec2:ap-south-1:292152202882:subnet/subnet-0107e111b74d53a57",
            "assign_ipv6_address_on_creation": false,
            "availability_zone": "ap-south-1a",
            "availability_zone_id": "aps1-az1",
            "cidr_block": "192.168.3.0/24",
            "customer_owned_ipv4_pool": "",
            "enable_dns64": false,
            "enable_lni_at_device_index": 0,
            "enable_resource_name_dns_a_record_on_launch": false,
            "enable_resource_name_dns_aaaa_record_on_launch": false,
            "id": "subnet-0107e111b74d53a57",
            "ipv6_cidr_block": "",
            "ipv6_cidr_block_association_id": "",
            "ipv6_native": false,
            "map_customer_owned_ip_on_launch": false,
            "map_public_ip_on_launch": false,
            "outpost_arn": "",
            "owner_id": "292152202882",
            "private_dns_hostname_type_on_launch": "ip-name",
            "tags": {
              "Name": "my-private-subnet-2"
            },
            "tags_all": {
              "Name": "my-private-subnet-2"
            },
            "timeouts": null,
            "vpc_id": "vpc-0d60bd7823fb368b1"
          },
          "sensitive_attributes": [],
          "private": "eyJlMmJmYjczMC1lY2FhLTExZTYtOGY4OC0zNDM2M2JjN2M0YzAiOnsiY3JlYXRlIjo2MDAwMDAwMDAwMDAsImRlbGV0ZSI6MTIwMDAwMDAwMDAwMH0sInNjaGVtYV92ZXJzaW9uIjoiMSJ9",
          "dependencies": [
            "module.myVPC.aws_vpc.myVpc"
          ]
        }
      ]
    },
    {
      "module": "module.myPrivateSubnet[2]",
      "mode": "managed",
      "type": "aws_subnet",
      "name": "mySubnet",
      "provider": "provider[\"registry.terraform.io/hashicorp/aws\"]",
      "instances": [
        {
          "schema_version": 1,
          "attributes": {
            "arn": "arn:aws:ec2:ap-south-1:292152202882:subnet/subnet-0953318d63bd90c93",
            "assign_ipv6_address_on_creation": false,
            "availability_zone": "ap-south-1b",
            "availability_zone_id": "aps1-az3",
            "cidr_block": "192.168.4.0/24",
            "customer_owned_ipv4_pool": "",
            "enable_dns64": false,
            "enable_lni_at_device_index": 0,
            "enable_resource_name_dns_a_record_on_launch": false,
            "enable_resource_name_dns_aaaa_record_on_launch": false,
            "id": "subnet-0953318d63bd90c93",
            "ipv6_cidr_block": "",
            "ipv6_cidr_block_association_id": "",
            "ipv6_native": false,
            "map_customer_owned_ip_on_launch": false,
            "map_public_ip_on_launch": false,
            "outpost_arn": "",
            "owner_id": "292152202882",
            "private_dns_hostname_type_on_launch": "ip-name",
            "tags": {
              "Name": "my-private-subnet-3"
            },
            "tags_all": {
              "Name": "my-private-subnet-3"
            },
            "timeouts": null,
            "vpc_id": "vpc-0d60bd7823fb368b1"
          },
          "sensitive_attributes": [],
          "private": "eyJlMmJmYjczMC1lY2FhLTExZTYtOGY4OC0zNDM2M2JjN2M0YzAiOnsiY3JlYXRlIjo2MDAwMDAwMDAwMDAsImRlbGV0ZSI6MTIwMDAwMDAwMDAwMH0sInNjaGVtYV92ZXJzaW9uIjoiMSJ9",
          "dependencies": [
            "module.myVPC.aws_vpc.myVpc"
          ]
        }
      ]
    },
    {
      "module": "module.myPublicSubnet[0]",
      "mode": "managed",
      "type": "aws_subnet",
      "name": "mySubnet",
      "provider": "provider[\"registry.terraform.io/hashicorp/aws\"]",
      "instances": [
        {
          "schema_version": 1,
          "attributes": {
            "arn": "arn:aws:ec2:ap-south-1:292152202882:subnet/subnet-07a0ceaa32f7170dd",
            "assign_ipv6_address_on_creation": false,
            "availability_zone": "ap-south-1a",
            "availability_zone_id": "aps1-az1",
            "cidr_block": "192.168.0.0/24",
            "customer_owned_ipv4_pool": "",
            "enable_dns64": false,
            "enable_lni_at_device_index": 0,
            "enable_resource_name_dns_a_record_on_launch": false,
            "enable_resource_name_dns_aaaa_record_on_launch": false,
            "id": "subnet-07a0ceaa32f7170dd",
            "ipv6_cidr_block": "",
            "ipv6_cidr_block_association_id": "",
            "ipv6_native": false,
            "map_customer_owned_ip_on_launch": false,
            "map_public_ip_on_launch": false,
            "outpost_arn": "",
            "owner_id": "292152202882",
            "private_dns_hostname_type_on_launch": "ip-name",
            "tags": {
              "Name": "my-public-subnet-1"
            },
            "tags_all": {
              "Name": "my-public-subnet-1"
            },
            "timeouts": null,
            "vpc_id": "vpc-0d60bd7823fb368b1"
          },
          "sensitive_attributes": [],
          "private": "eyJlMmJmYjczMC1lY2FhLTExZTYtOGY4OC0zNDM2M2JjN2M0YzAiOnsiY3JlYXRlIjo2MDAwMDAwMDAwMDAsImRlbGV0ZSI6MTIwMDAwMDAwMDAwMH0sInNjaGVtYV92ZXJzaW9uIjoiMSJ9",
          "dependencies": [
            "module.myVPC.aws_vpc.myVpc"
          ]
        }
      ]
    },
    {
      "module": "module.myPublicSubnet[1]",
      "mode": "managed",
      "type": "aws_subnet",
      "name": "mySubnet",
      "provider": "provider[\"registry.terraform.io/hashicorp/aws\"]",
      "instances": [
        {
          "schema_version": 1,
          "attributes": {
            "arn": "arn:aws:ec2:ap-south-1:292152202882:subnet/subnet-0f813c8f1c1b11571",
            "assign_ipv6_address_on_creation": false,
            "availability_zone": "ap-south-1b",
            "availability_zone_id": "aps1-az3",
            "cidr_block": "192.168.1.0/24",
            "customer_owned_ipv4_pool": "",
            "enable_dns64": false,
            "enable_lni_at_device_index": 0,
            "enable_resource_name_dns_a_record_on_launch": false,
            "enable_resource_name_dns_aaaa_record_on_launch": false,
            "id": "subnet-0f813c8f1c1b11571",
            "ipv6_cidr_block": "",
            "ipv6_cidr_block_association_id": "",
            "ipv6_native": false,
            "map_customer_owned_ip_on_launch": false,
            "map_public_ip_on_launch": false,
            "outpost_arn": "",
            "owner_id": "292152202882",
            "private_dns_hostname_type_on_launch": "ip-name",
            "tags": {
              "Name": "my-public-subnet-2"
            },
            "tags_all": {
              "Name": "my-public-subnet-2"
            },
            "timeouts": null,
            "vpc_id": "vpc-0d60bd7823fb368b1"
          },
          "sensitive_attributes": [],
          "private": "eyJlMmJmYjczMC1lY2FhLTExZTYtOGY4OC0zNDM2M2JjN2M0YzAiOnsiY3JlYXRlIjo2MDAwMDAwMDAwMDAsImRlbGV0ZSI6MTIwMDAwMDAwMDAwMH0sInNjaGVtYV92ZXJzaW9uIjoiMSJ9",
          "dependencies": [
            "module.myVPC.aws_vpc.myVpc"
          ]
        }
      ]
    },
    {
      "module": "module.myVPC",
      "mode": "managed",
      "type": "aws_vpc",
      "name": "myVpc",
      "provider": "provider[\"registry.terraform.io/hashicorp/aws\"]",
      "instances": [
        {
          "schema_version": 1,
          "attributes": {
            "arn": "arn:aws:ec2:ap-south-1:292152202882:vpc/vpc-0d60bd7823fb368b1",
            "assign_generated_ipv6_cidr_block": false,
            "cidr_block": "192.168.0.0/16",
            "default_network_acl_id": "acl-0a98629d32ecbe020",
            "default_route_table_id": "rtb-01dd0ac451f635206",
            "default_security_group_id": "sg-045e783270d31950d",
            "dhcp_options_id": "dopt-08d1e93c18c8084aa",
            "enable_dns_hostnames": false,
            "enable_dns_support": true,
            "enable_network_address_usage_metrics": false,
            "id": "vpc-0d60bd7823fb368b1",
            "instance_tenancy": "default",
            "ipv4_ipam_pool_id": null,
            "ipv4_netmask_length": null,
            "ipv6_association_id": "",
            "ipv6_cidr_block": "",
            "ipv6_cidr_block_network_border_group": "",
            "ipv6_ipam_pool_id": "",
            "ipv6_netmask_length": 0,
            "main_route_table_id": "rtb-01dd0ac451f635206",
            "owner_id": "292152202882",
            "tags": {
              "Name": "my-vpc-01"
            },
            "tags_all": {
              "Name": "my-vpc-01"
            }
          },
          "sensitive_attributes": [],
          "private": "eyJzY2hlbWFfdmVyc2lvbiI6IjEifQ=="
        }
      ]
    }
  ],
  "check_results": null
}
